
Microsoft Visual Studio Solution File, Format Version 12.00
# Visual Studio Version 17
VisualStudioVersion = 17.8.34330.188
MinimumVisualStudioVersion = 10.0.40219.1
Project("{FAE04EC0-301F-11D3-BF4B-00C04F79EFBC}") = "exercicio3_Paulo1102", "exercicio3_Paulo1102\exercicio3_Paulo1102.csproj", "{7FD22DD8-D43B-4D39-B1E3-8BF19CA0E500}"
EndProject
Global
	GlobalSection(SolutionConfigurationPlatforms) = preSolution
		Debug|Any CPU = Debug|Any CPU
		Release|Any CPU = Release|Any CPU
	EndGlobalSection
	GlobalSection(ProjectConfigurationPlatforms) = postSolution
		{7FD22DD8-D43B-4D39-B1E3-8BF19CA0E500}.Debug|Any CPU.ActiveCfg = Debug|Any CPU
		{7FD22DD8-D43B-4D39-B1E3-8BF19CA0E500}.Debug|Any CPU.Build.0 = Debug|Any CPU
		{7FD22DD8-D43B-4D39-B1E3-8BF19CA0E500}.Release|Any CPU.ActiveCfg = Release|Any CPU
		{7FD22DD8-D43B-4D39-B1E3-8BF19CA0E500}.Release|Any CPU.Build.0 = Release|Any CPU
	EndGlobalSection
	GlobalSection(SolutionProperties) = preSolution
		HideSolutionNode = FALSE
	EndGlobalSection
	GlobalSection(ExtensibilityGlobals) = postSolution
		SolutionGuid = {0B7AEB01-4161-4958-9AED-EFA974AC2024}
	EndGlobalSection
EndGlobal
